
Microsoft Visual Studio Solution File, Format Version 12.00
# Visual Studio Version 17
VisualStudioVersion = 17.14.36414.22 d17.14
MinimumVisualStudioVersion = 10.0.40219.1
Project("{FAE04EC0-301F-11D3-BF4B-00C04F79EFBC}") = "SimulationBilet16MPA201", "SimulationBilet16MPA201\SimulationBilet16MPA201.csproj", "{72F8084D-CBF2-47AB-B97F-28929EF7BBFD}"
EndProject
Global
	GlobalSection(SolutionConfigurationPlatforms) = preSolution
		Debug|Any CPU = Debug|Any CPU
		Release|Any CPU = Release|Any CPU
	EndGlobalSection
	GlobalSection(ProjectConfigurationPlatforms) = postSolution
		{72F8084D-CBF2-47AB-B97F-28929EF7BBFD}.Debug|Any CPU.ActiveCfg = Debug|Any CPU
		{72F8084D-CBF2-47AB-B97F-28929EF7BBFD}.Debug|Any CPU.Build.0 = Debug|Any CPU
		{72F8084D-CBF2-47AB-B97F-28929EF7BBFD}.Release|Any CPU.ActiveCfg = Release|Any CPU
		{72F8084D-CBF2-47AB-B97F-28929EF7BBFD}.Release|Any CPU.Build.0 = Release|Any CPU
	EndGlobalSection
	GlobalSection(SolutionProperties) = preSolution
		HideSolutionNode = FALSE
	EndGlobalSection
	GlobalSection(ExtensibilityGlobals) = postSolution
		SolutionGuid = {6C7F24E6-C8B0-4EB6-9164-9B24CD07828A}
	EndGlobalSection
EndGlobal
